
Microsoft Visual Studio Solution File, Format Version 12.00
# Visual Studio Version 16
VisualStudioVersion = 16.0.29123.88
MinimumVisualStudioVersion = 10.0.40219.1
Project("{FAE04EC0-301F-11D3-BF4B-00C04F79EFBC}") = "MyFirstService", "MyFirstService\MyFirstService.csproj", "{7247E15F-83FB-423F-9082-09CF288618DA}"
EndProject
Global
	GlobalSection(SolutionConfigurationPlatforms) = preSolution
		Debug|Any CPU = Debug|Any CPU
		Release|Any CPU = Release|Any CPU
	EndGlobalSection
	GlobalSection(ProjectConfigurationPlatforms) = postSolution
		{7247E15F-83FB-423F-9082-09CF288618DA}.Debug|Any CPU.ActiveCfg = Debug|Any CPU
		{7247E15F-83FB-423F-9082-09CF288618DA}.Debug|Any CPU.Build.0 = Debug|Any CPU
		{7247E15F-83FB-423F-9082-09CF288618DA}.Release|Any CPU.ActiveCfg = Release|Any CPU
		{7247E15F-83FB-423F-9082-09CF288618DA}.Release|Any CPU.Build.0 = Release|Any CPU
	EndGlobalSection
	GlobalSection(SolutionProperties) = preSolution
		HideSolutionNode = FALSE
	EndGlobalSection
	GlobalSection(ExtensibilityGlobals) = postSolution
		SolutionGuid = {53D84156-5197-4669-A83F-811DEEF66C6D}
	EndGlobalSection
EndGlobal
